
Microsoft Visual Studio Solution File, Format Version 12.00
# Visual Studio 15
Project("{FAE04EC0-301F-11D3-BF4B-00C04F79EFBC}") = "Hexapawn", "Hexapawn\Hexapawn.csproj", "{6F15090B-AB10-41E5-AC50-F07F78C44D66}"
EndProject
Project("{FAE04EC0-301F-11D3-BF4B-00C04F79EFBC}") = "HexapawnTests", "HexapawnBDD\HexapawnTests.csproj", "{B24B9125-2DAF-41C8-A589-B0CCE99A8482}"
EndProject
Global
	GlobalSection(SolutionConfigurationPlatforms) = preSolution
		Debug|anycpu = Debug|anycpu
		Release|anycpu = Release|anycpu
	EndGlobalSection
	GlobalSection(ProjectConfigurationPlatforms) = postSolution
		{6F15090B-AB10-41E5-AC50-F07F78C44D66}.Debug|anycpu.ActiveCfg = Debug|anycpu
		{6F15090B-AB10-41E5-AC50-F07F78C44D66}.Debug|anycpu.Build.0 = Debug|anycpu
		{6F15090B-AB10-41E5-AC50-F07F78C44D66}.Release|anycpu.ActiveCfg = Release|anycpu
		{6F15090B-AB10-41E5-AC50-F07F78C44D66}.Release|anycpu.Build.0 = Release|anycpu
		{B24B9125-2DAF-41C8-A589-B0CCE99A8482}.Debug|anycpu.ActiveCfg = Debug|Any CPU
		{B24B9125-2DAF-41C8-A589-B0CCE99A8482}.Debug|anycpu.Build.0 = Debug|Any CPU
		{B24B9125-2DAF-41C8-A589-B0CCE99A8482}.Release|anycpu.ActiveCfg = Release|Any CPU
		{B24B9125-2DAF-41C8-A589-B0CCE99A8482}.Release|anycpu.Build.0 = Release|Any CPU
	EndGlobalSection
EndGlobal
